// !$*UTF8*$!
{
	archiveVersion = 1;
	classes = {
	};
	objectVersion = 56;
	objects = {

/* Begin PBXBuildFile section */
		3D4805D52B00FC6500EC98A6 /* UIImage+Extension.swift in Sources */ = {isa = PBXBuildFile; fileRef = 3D4805D42B00FC6500EC98A6 /* UIImage+Extension.swift */; };
		3D4805D92B0346F000EC98A6 /* CustomLayout.swift in Sources */ = {isa = PBXBuildFile; fileRef = 3D4805D82B0346F000EC98A6 /* CustomLayout.swift */; };
		3D8254FF2AE6A03E00D84FC7 /* AppDelegate.swift in Sources */ = {isa = PBXBuildFile; fileRef = 3D8254FE2AE6A03E00D84FC7 /* AppDelegate.swift */; };
		3D8255012AE6A03E00D84FC7 /* SceneDelegate.swift in Sources */ = {isa = PBXBuildFile; fileRef = 3D8255002AE6A03E00D84FC7 /* SceneDelegate.swift */; };
		3D8255032AE6A03E00D84FC7 /* MainViewController.swift in Sources */ = {isa = PBXBuildFile; fileRef = 3D8255022AE6A03E00D84FC7 /* MainViewController.swift */; };
		3D8255082AE6A03E00D84FC7 /* Assets.xcassets in Resources */ = {isa = PBXBuildFile; fileRef = 3D8255072AE6A03E00D84FC7 /* Assets.xcassets */; };
		3D82550B2AE6A03E00D84FC7 /* LaunchScreen.storyboard in Resources */ = {isa = PBXBuildFile; fileRef = 3D8255092AE6A03E00D84FC7 /* LaunchScreen.storyboard */; };
		3D8255172AE6A92700D84FC7 /* Resources.swift in Sources */ = {isa = PBXBuildFile; fileRef = 3D8255162AE6A92700D84FC7 /* Resources.swift */; };
		3D82551A2AE6A9A200D84FC7 /* SnapKit in Frameworks */ = {isa = PBXBuildFile; productRef = 3D8255192AE6A9A200D84FC7 /* SnapKit */; };
		3D8255232AE6B0C900D84FC7 /* BaseController.swift in Sources */ = {isa = PBXBuildFile; fileRef = 3D8255212AE6B0C900D84FC7 /* BaseController.swift */; };
		3D8255242AE6B0C900D84FC7 /* BaseView.swift in Sources */ = {isa = PBXBuildFile; fileRef = 3D8255222AE6B0C900D84FC7 /* BaseView.swift */; };
		3D8255272AE6B32000D84FC7 /* APIService.swift in Sources */ = {isa = PBXBuildFile; fileRef = 3D8255262AE6B32000D84FC7 /* APIService.swift */; };
		3D82552C2AE6BC8D00D84FC7 /* MainViewModel.swift in Sources */ = {isa = PBXBuildFile; fileRef = 3D82552B2AE6BC8D00D84FC7 /* MainViewModel.swift */; };
		3D8255302AE7A75000D84FC7 /* Photo.swift in Sources */ = {isa = PBXBuildFile; fileRef = 3D82552F2AE7A75000D84FC7 /* Photo.swift */; };
		3D8255322AE7B3AA00D84FC7 /* Client.swift in Sources */ = {isa = PBXBuildFile; fileRef = 3D8255312AE7B3AA00D84FC7 /* Client.swift */; };
		3D8255352AE7B80100D84FC7 /* GetPhotosResponse.swift in Sources */ = {isa = PBXBuildFile; fileRef = 3D8255342AE7B80100D84FC7 /* GetPhotosResponse.swift */; };
		3D8255382AE7EA6E00D84FC7 /* UIView+Extension.swift in Sources */ = {isa = PBXBuildFile; fileRef = 3D8255372AE7EA6E00D84FC7 /* UIView+Extension.swift */; };
		3D82553A2AE909B100D84FC7 /* ImageCell.swift in Sources */ = {isa = PBXBuildFile; fileRef = 3D8255392AE909B100D84FC7 /* ImageCell.swift */; };
		3D82553C2AE909E400D84FC7 /* BaseCell.swift in Sources */ = {isa = PBXBuildFile; fileRef = 3D82553B2AE909E400D84FC7 /* BaseCell.swift */; };
		3D82553E2AE94F7000D84FC7 /* Sections.swift in Sources */ = {isa = PBXBuildFile; fileRef = 3D82553D2AE94F7000D84FC7 /* Sections.swift */; };
		3D8255442AEE604400D84FC7 /* URLBuilder.swift in Sources */ = {isa = PBXBuildFile; fileRef = 3D8255432AEE604400D84FC7 /* URLBuilder.swift */; };
		3DEAFF602B04F84B004CAE97 /* Query.swift in Sources */ = {isa = PBXBuildFile; fileRef = 3DEAFF5F2B04F84B004CAE97 /* Query.swift */; };
/* End PBXBuildFile section */

/* Begin PBXFileReference section */
		3D4805D42B00FC6500EC98A6 /* UIImage+Extension.swift */ = {isa = PBXFileReference; lastKnownFileType = sourcecode.swift; path = "UIImage+Extension.swift"; sourceTree = "<group>"; };
		3D4805D82B0346F000EC98A6 /* CustomLayout.swift */ = {isa = PBXFileReference; lastKnownFileType = sourcecode.swift; path = CustomLayout.swift; sourceTree = "<group>"; };
		3D8254FB2AE6A03E00D84FC7 /* UNSPApp.app */ = {isa = PBXFileReference; explicitFileType = wrapper.application; includeInIndex = 0; path = UNSPApp.app; sourceTree = BUILT_PRODUCTS_DIR; };
		3D8254FE2AE6A03E00D84FC7 /* AppDelegate.swift */ = {isa = PBXFileReference; lastKnownFileType = sourcecode.swift; path = AppDelegate.swift; sourceTree = "<group>"; };
		3D8255002AE6A03E00D84FC7 /* SceneDelegate.swift */ = {isa = PBXFileReference; lastKnownFileType = sourcecode.swift; path = SceneDelegate.swift; sourceTree = "<group>"; };
		3D8255022AE6A03E00D84FC7 /* MainViewController.swift */ = {isa = PBXFileReference; lastKnownFileType = sourcecode.swift; path = MainViewController.swift; sourceTree = "<group>"; };
		3D8255072AE6A03E00D84FC7 /* Assets.xcassets */ = {isa = PBXFileReference; lastKnownFileType = folder.assetcatalog; path = Assets.xcassets; sourceTree = "<group>"; };
		3D82550A2AE6A03E00D84FC7 /* Base */ = {isa = PBXFileReference; lastKnownFileType = file.storyboard; name = Base; path = Base.lproj/LaunchScreen.storyboard; sourceTree = "<group>"; };
		3D82550C2AE6A03E00D84FC7 /* Info.plist */ = {isa = PBXFileReference; lastKnownFileType = text.plist.xml; path = Info.plist; sourceTree = "<group>"; };
		3D8255162AE6A92700D84FC7 /* Resources.swift */ = {isa = PBXFileReference; lastKnownFileType = sourcecode.swift; path = Resources.swift; sourceTree = "<group>"; };
		3D8255212AE6B0C900D84FC7 /* BaseController.swift */ = {isa = PBXFileReference; fileEncoding = 4; lastKnownFileType = sourcecode.swift; path = BaseController.swift; sourceTree = "<group>"; };
		3D8255222AE6B0C900D84FC7 /* BaseView.swift */ = {isa = PBXFileReference; fileEncoding = 4; lastKnownFileType = sourcecode.swift; path = BaseView.swift; sourceTree = "<group>"; };
		3D8255262AE6B32000D84FC7 /* APIService.swift */ = {isa = PBXFileReference; lastKnownFileType = sourcecode.swift; path = APIService.swift; sourceTree = "<group>"; };
		3D82552B2AE6BC8D00D84FC7 /* MainViewModel.swift */ = {isa = PBXFileReference; lastKnownFileType = sourcecode.swift; path = MainViewModel.swift; sourceTree = "<group>"; };
		3D82552F2AE7A75000D84FC7 /* Photo.swift */ = {isa = PBXFileReference; lastKnownFileType = sourcecode.swift; path = Photo.swift; sourceTree = "<group>"; };
		3D8255312AE7B3AA00D84FC7 /* Client.swift */ = {isa = PBXFileReference; lastKnownFileType = sourcecode.swift; path = Client.swift; sourceTree = "<group>"; };
		3D8255342AE7B80100D84FC7 /* GetPhotosResponse.swift */ = {isa = PBXFileReference; lastKnownFileType = sourcecode.swift; path = GetPhotosResponse.swift; sourceTree = "<group>"; };
		3D8255372AE7EA6E00D84FC7 /* UIView+Extension.swift */ = {isa = PBXFileReference; lastKnownFileType = sourcecode.swift; path = "UIView+Extension.swift"; sourceTree = "<group>"; };
		3D8255392AE909B100D84FC7 /* ImageCell.swift */ = {isa = PBXFileReference; lastKnownFileType = sourcecode.swift; path = ImageCell.swift; sourceTree = "<group>"; };
		3D82553B2AE909E400D84FC7 /* BaseCell.swift */ = {isa = PBXFileReference; lastKnownFileType = sourcecode.swift; path = BaseCell.swift; sourceTree = "<group>"; };
		3D82553D2AE94F7000D84FC7 /* Sections.swift */ = {isa = PBXFileReference; lastKnownFileType = sourcecode.swift; path = Sections.swift; sourceTree = "<group>"; };
		3D8255432AEE604400D84FC7 /* URLBuilder.swift */ = {isa = PBXFileReference; lastKnownFileType = sourcecode.swift; path = URLBuilder.swift; sourceTree = "<group>"; };
		3DEAFF5F2B04F84B004CAE97 /* Query.swift */ = {isa = PBXFileReference; lastKnownFileType = sourcecode.swift; path = Query.swift; sourceTree = "<group>"; };
/* End PBXFileReference section */

/* Begin PBXFrameworksBuildPhase section */
		3D8254F82AE6A03E00D84FC7 /* Frameworks */ = {
			isa = PBXFrameworksBuildPhase;
			buildActionMask = 2147483647;
			files = (
				3D82551A2AE6A9A200D84FC7 /* SnapKit in Frameworks */,
			);
			runOnlyForDeploymentPostprocessing = 0;
		};
/* End PBXFrameworksBuildPhase section */

/* Begin PBXGroup section */
		3D8254F22AE6A03E00D84FC7 = {
			isa = PBXGroup;
			children = (
				3D8254FD2AE6A03E00D84FC7 /* UNSPApp */,
				3D8254FC2AE6A03E00D84FC7 /* Products */,
			);
			sourceTree = "<group>";
		};
		3D8254FC2AE6A03E00D84FC7 /* Products */ = {
			isa = PBXGroup;
			children = (
				3D8254FB2AE6A03E00D84FC7 /* UNSPApp.app */,
			);
			name = Products;
			sourceTree = "<group>";
		};
		3D8254FD2AE6A03E00D84FC7 /* UNSPApp */ = {
			isa = PBXGroup;
			children = (
				3D82550C2AE6A03E00D84FC7 /* Info.plist */,
				3D8255122AE6A8BC00D84FC7 /* App */,
				3D82552E2AE7A74500D84FC7 /* Entities */,
				3D8255362AE7EA5B00D84FC7 /* Extensions */,
				3D8255452AEE677D00D84FC7 /* Helpers */,
				3D8255152AE6A8FE00D84FC7 /* Resources */,
				3D8255252AE6B30600D84FC7 /* Services */,
				3D8255132AE6A8CB00D84FC7 /* Screens */,
			);
			path = UNSPApp;
			sourceTree = "<group>";
		};
		3D8255122AE6A8BC00D84FC7 /* App */ = {
			isa = PBXGroup;
			children = (
				3D8254FE2AE6A03E00D84FC7 /* AppDelegate.swift */,
				3D8255002AE6A03E00D84FC7 /* SceneDelegate.swift */,
				3D8255202AE6B09C00D84FC7 /* Base */,
			);
			path = App;
			sourceTree = "<group>";
		};
		3D8255132AE6A8CB00D84FC7 /* Screens */ = {
			isa = PBXGroup;
			children = (
				3D8255092AE6A03E00D84FC7 /* LaunchScreen.storyboard */,
				3D8255142AE6A8DB00D84FC7 /* Main */,
			);
			path = Screens;
			sourceTree = "<group>";
		};
		3D8255142AE6A8DB00D84FC7 /* Main */ = {
			isa = PBXGroup;
			children = (
				3D82552B2AE6BC8D00D84FC7 /* MainViewModel.swift */,
				3D82552D2AE6C02700D84FC7 /* Views */,
			);
			path = Main;
			sourceTree = "<group>";
		};
		3D8255152AE6A8FE00D84FC7 /* Resources */ = {
			isa = PBXGroup;
			children = (
				3D8255162AE6A92700D84FC7 /* Resources.swift */,
				3D8255072AE6A03E00D84FC7 /* Assets.xcassets */,
			);
			path = Resources;
			sourceTree = "<group>";
		};
		3D8255202AE6B09C00D84FC7 /* Base */ = {
			isa = PBXGroup;
			children = (
				3D8255212AE6B0C900D84FC7 /* BaseController.swift */,
				3D8255222AE6B0C900D84FC7 /* BaseView.swift */,
				3D82553B2AE909E400D84FC7 /* BaseCell.swift */,
			);
			path = Base;
			sourceTree = "<group>";
		};
		3D8255252AE6B30600D84FC7 /* Services */ = {
			isa = PBXGroup;
			children = (
				3D8255262AE6B32000D84FC7 /* APIService.swift */,
				3DEAFF5F2B04F84B004CAE97 /* Query.swift */,
			);
			path = Services;
			sourceTree = "<group>";
		};
		3D82552D2AE6C02700D84FC7 /* Views */ = {
			isa = PBXGroup;
			children = (
				3D8255022AE6A03E00D84FC7 /* MainViewController.swift */,
				3D8255392AE909B100D84FC7 /* ImageCell.swift */,
				3DEAFF6A2B078A06004CAE97 /* Custom */,
			);
			path = Views;
			sourceTree = "<group>";
		};
		3D82552E2AE7A74500D84FC7 /* Entities */ = {
			isa = PBXGroup;
			children = (
				3D8255312AE7B3AA00D84FC7 /* Client.swift */,
				3D82553D2AE94F7000D84FC7 /* Sections.swift */,
				3D8255332AE7B7CE00D84FC7 /* Photo */,
			);
			path = Entities;
			sourceTree = "<group>";
		};
		3D8255332AE7B7CE00D84FC7 /* Photo */ = {
			isa = PBXGroup;
			children = (
				3D82552F2AE7A75000D84FC7 /* Photo.swift */,
				3D8255342AE7B80100D84FC7 /* GetPhotosResponse.swift */,
			);
			path = Photo;
			sourceTree = "<group>";
		};
		3D8255362AE7EA5B00D84FC7 /* Extensions */ = {
			isa = PBXGroup;
			children = (
				3D8255372AE7EA6E00D84FC7 /* UIView+Extension.swift */,
				3D4805D42B00FC6500EC98A6 /* UIImage+Extension.swift */,
			);
			path = Extensions;
			sourceTree = "<group>";
		};
		3D8255452AEE677D00D84FC7 /* Helpers */ = {
			isa = PBXGroup;
			children = (
				3D8255432AEE604400D84FC7 /* URLBuilder.swift */,
			);
			path = Helpers;
			sourceTree = "<group>";
		};
		3DEAFF6A2B078A06004CAE97 /* Custom */ = {
			isa = PBXGroup;
			children = (
				3D4805D82B0346F000EC98A6 /* CustomLayout.swift */,
			);
			path = Custom;
			sourceTree = "<group>";
		};
/* End PBXGroup section */

/* Begin PBXNativeTarget section */
		3D8254FA2AE6A03E00D84FC7 /* UNSPApp */ = {
			isa = PBXNativeTarget;
			buildConfigurationList = 3D82550F2AE6A03E00D84FC7 /* Build configuration list for PBXNativeTarget "UNSPApp" */;
			buildPhases = (
				3D8254F72AE6A03E00D84FC7 /* Sources */,
				3D8254F82AE6A03E00D84FC7 /* Frameworks */,
				3D8254F92AE6A03E00D84FC7 /* Resources */,
			);
			buildRules = (
			);
			dependencies = (
			);
			name = UNSPApp;
			packageProductDependencies = (
				3D8255192AE6A9A200D84FC7 /* SnapKit */,
			);
			productName = UNSPApp;
			productReference = 3D8254FB2AE6A03E00D84FC7 /* UNSPApp.app */;
			productType = "com.apple.product-type.application";
		};
/* End PBXNativeTarget section */

/* Begin PBXProject section */
		3D8254F32AE6A03E00D84FC7 /* Project object */ = {
			isa = PBXProject;
			attributes = {
				BuildIndependentTargetsInParallel = 1;
				LastSwiftUpdateCheck = 1500;
				LastUpgradeCheck = 1500;
				TargetAttributes = {
					3D8254FA2AE6A03E00D84FC7 = {
						CreatedOnToolsVersion = 15.0;
					};
				};
			};
			buildConfigurationList = 3D8254F62AE6A03E00D84FC7 /* Build configuration list for PBXProject "UNSPApp" */;
			compatibilityVersion = "Xcode 14.0";
			developmentRegion = en;
			hasScannedForEncodings = 0;
			knownRegions = (
				en,
				Base,
			);
			mainGroup = 3D8254F22AE6A03E00D84FC7;
			packageReferences = (
				3D8255182AE6A9A200D84FC7 /* XCRemoteSwiftPackageReference "SnapKit" */,
			);
			productRefGroup = 3D8254FC2AE6A03E00D84FC7 /* Products */;
			projectDirPath = "";
			projectRoot = "";
			targets = (
				3D8254FA2AE6A03E00D84FC7 /* UNSPApp */,
			);
		};
/* End PBXProject section */

/* Begin PBXResourcesBuildPhase section */
		3D8254F92AE6A03E00D84FC7 /* Resources */ = {
			isa = PBXResourcesBuildPhase;
			buildActionMask = 2147483647;
			files = (
				3D82550B2AE6A03E00D84FC7 /* LaunchScreen.storyboard in Resources */,
				3D8255082AE6A03E00D84FC7 /* Assets.xcassets in Resources */,
			);
			runOnlyForDeploymentPostprocessing = 0;
		};
/* End PBXResourcesBuildPhase section */

/* Begin PBXSourcesBuildPhase section */
		3D8254F72AE6A03E00D84FC7 /* Sources */ = {
			isa = PBXSourcesBuildPhase;
			buildActionMask = 2147483647;
			files = (
				3D8255032AE6A03E00D84FC7 /* MainViewController.swift in Sources */,
				3D8255272AE6B32000D84FC7 /* APIService.swift in Sources */,
				3D8255172AE6A92700D84FC7 /* Resources.swift in Sources */,
				3D4805D52B00FC6500EC98A6 /* UIImage+Extension.swift in Sources */,
				3D8255232AE6B0C900D84FC7 /* BaseController.swift in Sources */,
				3D82553C2AE909E400D84FC7 /* BaseCell.swift in Sources */,
				3D8255442AEE604400D84FC7 /* URLBuilder.swift in Sources */,
				3D8255322AE7B3AA00D84FC7 /* Client.swift in Sources */,
				3DEAFF602B04F84B004CAE97 /* Query.swift in Sources */,
				3D4805D92B0346F000EC98A6 /* CustomLayout.swift in Sources */,
				3D8255302AE7A75000D84FC7 /* Photo.swift in Sources */,
				3D8255382AE7EA6E00D84FC7 /* UIView+Extension.swift in Sources */,
				3D8255242AE6B0C900D84FC7 /* BaseView.swift in Sources */,
				3D8255352AE7B80100D84FC7 /* GetPhotosResponse.swift in Sources */,
				3D82553E2AE94F7000D84FC7 /* Sections.swift in Sources */,
				3D8254FF2AE6A03E00D84FC7 /* AppDelegate.swift in Sources */,
				3D8255012AE6A03E00D84FC7 /* SceneDelegate.swift in Sources */,
				3D82552C2AE6BC8D00D84FC7 /* MainViewModel.swift in Sources */,
				3D82553A2AE909B100D84FC7 /* ImageCell.swift in Sources */,
			);
			runOnlyForDeploymentPostprocessing = 0;
		};
/* End PBXSourcesBuildPhase section */

/* Begin PBXVariantGroup section */
		3D8255092AE6A03E00D84FC7 /* LaunchScreen.storyboard */ = {
			isa = PBXVariantGroup;
			children = (
				3D82550A2AE6A03E00D84FC7 /* Base */,
			);
			name = LaunchScreen.storyboard;
			sourceTree = "<group>";
		};
/* End PBXVariantGroup section */

/* Begin XCBuildConfiguration section */
		3D82550D2AE6A03E00D84FC7 /* Debug */ = {
			isa = XCBuildConfiguration;
			buildSettings = {
				ALWAYS_SEARCH_USER_PATHS = NO;
				ASSETCATALOG_COMPILER_GENERATE_SWIFT_ASSET_SYMBOL_EXTENSIONS = YES;
				CLANG_ANALYZER_NONNULL = YES;
				CLANG_ANALYZER_NUMBER_OBJECT_CONVERSION = YES_AGGRESSIVE;
				CLANG_CXX_LANGUAGE_STANDARD = "gnu++20";
				CLANG_ENABLE_MODULES = YES;
				CLANG_ENABLE_OBJC_ARC = YES;
				CLANG_ENABLE_OBJC_WEAK = YES;
				CLANG_WARN_BLOCK_CAPTURE_AUTORELEASING = YES;
				CLANG_WARN_BOOL_CONVERSION = YES;
				CLANG_WARN_COMMA = YES;
				CLANG_WARN_CONSTANT_CONVERSION = YES;
				CLANG_WARN_DEPRECATED_OBJC_IMPLEMENTATIONS = YES;
				CLANG_WARN_DIRECT_OBJC_ISA_USAGE = YES_ERROR;
				CLANG_WARN_DOCUMENTATION_COMMENTS = YES;
				CLANG_WARN_EMPTY_BODY = YES;
				CLANG_WARN_ENUM_CONVERSION = YES;
				CLANG_WARN_INFINITE_RECURSION = YES;
				CLANG_WARN_INT_CONVERSION = YES;
				CLANG_WARN_NON_LITERAL_NULL_CONVERSION = YES;
				CLANG_WARN_OBJC_IMPLICIT_RETAIN_SELF = YES;
				CLANG_WARN_OBJC_LITERAL_CONVERSION = YES;
				CLANG_WARN_OBJC_ROOT_CLASS = YES_ERROR;
				CLANG_WARN_QUOTED_INCLUDE_IN_FRAMEWORK_HEADER = YES;
				CLANG_WARN_RANGE_LOOP_ANALYSIS = YES;
				CLANG_WARN_STRICT_PROTOTYPES = YES;
				CLANG_WARN_SUSPICIOUS_MOVE = YES;
				CLANG_WARN_UNGUARDED_AVAILABILITY = YES_AGGRESSIVE;
				CLANG_WARN_UNREACHABLE_CODE = YES;
				CLANG_WARN__DUPLICATE_METHOD_MATCH = YES;
				COPY_PHASE_STRIP = NO;
				DEBUG_INFORMATION_FORMAT = dwarf;
				ENABLE_STRICT_OBJC_MSGSEND = YES;
				ENABLE_TESTABILITY = YES;
				ENABLE_USER_SCRIPT_SANDBOXING = YES;
				GCC_C_LANGUAGE_STANDARD = gnu17;
				GCC_DYNAMIC_NO_PIC = NO;
				GCC_NO_COMMON_BLOCKS = YES;
				GCC_OPTIMIZATION_LEVEL = 0;
				GCC_PREPROCESSOR_DEFINITIONS = (
					"DEBUG=1",
					"$(inherited)",
				);
				GCC_WARN_64_TO_32_BIT_CONVERSION = YES;
				GCC_WARN_ABOUT_RETURN_TYPE = YES_ERROR;
				GCC_WARN_UNDECLARED_SELECTOR = YES;
				GCC_WARN_UNINITIALIZED_AUTOS = YES_AGGRESSIVE;
				GCC_WARN_UNUSED_FUNCTION = YES;
				GCC_WARN_UNUSED_VARIABLE = YES;
				IPHONEOS_DEPLOYMENT_TARGET = 16.5;
				LOCALIZATION_PREFERS_STRING_CATALOGS = YES;
				MTL_ENABLE_DEBUG_INFO = INCLUDE_SOURCE;
				MTL_FAST_MATH = YES;
				ONLY_ACTIVE_ARCH = YES;
				SDKROOT = iphoneos;
				SWIFT_ACTIVE_COMPILATION_CONDITIONS = "DEBUG $(inherited)";
				SWIFT_OPTIMIZATION_LEVEL = "-Onone";
			};
			name = Debug;
		};
		3D82550E2AE6A03E00D84FC7 /* Release */ = {
			isa = XCBuildConfiguration;
			buildSettings = {
				ALWAYS_SEARCH_USER_PATHS = NO;
				ASSETCATALOG_COMPILER_GENERATE_SWIFT_ASSET_SYMBOL_EXTENSIONS = YES;
				CLANG_ANALYZER_NONNULL = YES;
				CLANG_ANALYZER_NUMBER_OBJECT_CONVERSION = YES_AGGRESSIVE;
				CLANG_CXX_LANGUAGE_STANDARD = "gnu++20";
				CLANG_ENABLE_MODULES = YES;
				CLANG_ENABLE_OBJC_ARC = YES;
				CLANG_ENABLE_OBJC_WEAK = YES;
				CLANG_WARN_BLOCK_CAPTURE_AUTORELEASING = YES;
				CLANG_WARN_BOOL_CONVERSION = YES;
				CLANG_WARN_COMMA = YES;
				CLANG_WARN_CONSTANT_CONVERSION = YES;
				CLANG_WARN_DEPRECATED_OBJC_IMPLEMENTATIONS = YES;
				CLANG_WARN_DIRECT_OBJC_ISA_USAGE = YES_ERROR;
				CLANG_WARN_DOCUMENTATION_COMMENTS = YES;
				CLANG_WARN_EMPTY_BODY = YES;
				CLANG_WARN_ENUM_CONVERSION = YES;
				CLANG_WARN_INFINITE_RECURSION = YES;
				CLANG_WARN_INT_CONVERSION = YES;
				CLANG_WARN_NON_LITERAL_NULL_CONVERSION = YES;
				CLANG_WARN_OBJC_IMPLICIT_RETAIN_SELF = YES;
				CLANG_WARN_OBJC_LITERAL_CONVERSION = YES;
				CLANG_WARN_OBJC_ROOT_CLASS = YES_ERROR;
				CLANG_WARN_QUOTED_INCLUDE_IN_FRAMEWORK_HEADER = YES;
				CLANG_WARN_RANGE_LOOP_ANALYSIS = YES;
				CLANG_WARN_STRICT_PROTOTYPES = YES;
				CLANG_WARN_SUSPICIOUS_MOVE = YES;
				CLANG_WARN_UNGUARDED_AVAILABILITY = YES_AGGRESSIVE;
				CLANG_WARN_UNREACHABLE_CODE = YES;
				CLANG_WARN__DUPLICATE_METHOD_MATCH = YES;
				COPY_PHASE_STRIP = NO;
				DEBUG_INFORMATION_FORMAT = "dwarf-with-dsym";
				ENABLE_NS_ASSERTIONS = NO;
				ENABLE_STRICT_OBJC_MSGSEND = YES;
				ENABLE_USER_SCRIPT_SANDBOXING = YES;
				GCC_C_LANGUAGE_STANDARD = gnu17;
				GCC_NO_COMMON_BLOCKS = YES;
				GCC_WARN_64_TO_32_BIT_CONVERSION = YES;
				GCC_WARN_ABOUT_RETURN_TYPE = YES_ERROR;
				GCC_WARN_UNDECLARED_SELECTOR = YES;
				GCC_WARN_UNINITIALIZED_AUTOS = YES_AGGRESSIVE;
				GCC_WARN_UNUSED_FUNCTION = YES;
				GCC_WARN_UNUSED_VARIABLE = YES;
				IPHONEOS_DEPLOYMENT_TARGET = 16.5;
				LOCALIZATION_PREFERS_STRING_CATALOGS = YES;
				MTL_ENABLE_DEBUG_INFO = NO;
				MTL_FAST_MATH = YES;
				SDKROOT = iphoneos;
				SWIFT_COMPILATION_MODE = wholemodule;
				VALIDATE_PRODUCT = YES;
			};
			name = Release;
		};
		3D8255102AE6A03E00D84FC7 /* Debug */ = {
			isa = XCBuildConfiguration;
			buildSettings = {
				ASSETCATALOG_COMPILER_APPICON_NAME = AppIcon;
				ASSETCATALOG_COMPILER_GLOBAL_ACCENT_COLOR_NAME = AccentColor;
				CODE_SIGN_STYLE = Automatic;
				CURRENT_PROJECT_VERSION = 1;
				DEVELOPMENT_TEAM = 4PCW4NA85G;
				GENERATE_INFOPLIST_FILE = YES;
				INFOPLIST_FILE = UNSPApp/Info.plist;
				INFOPLIST_KEY_UIApplicationSupportsIndirectInputEvents = YES;
				INFOPLIST_KEY_UILaunchStoryboardName = LaunchScreen;
				INFOPLIST_KEY_UISupportedInterfaceOrientations = "UIInterfaceOrientationLandscapeLeft UIInterfaceOrientationLandscapeRight UIInterfaceOrientationPortrait";
				INFOPLIST_KEY_UISupportedInterfaceOrientations_iPad = "UIInterfaceOrientationLandscapeLeft UIInterfaceOrientationLandscapeRight";
				LD_RUNPATH_SEARCH_PATHS = (
					"$(inherited)",
					"@executable_path/Frameworks",
				);
				MARKETING_VERSION = 1.0;
				PRODUCT_BUNDLE_IDENTIFIER = com.steellson.unspapp.UNSPApp;
				PRODUCT_NAME = "$(TARGET_NAME)";
				SUPPORTED_PLATFORMS = "iphoneos iphonesimulator";
				SUPPORTS_MACCATALYST = NO;
				SUPPORTS_MAC_DESIGNED_FOR_IPHONE_IPAD = NO;
				SWIFT_EMIT_LOC_STRINGS = YES;
				SWIFT_VERSION = 5.0;
				TARGETED_DEVICE_FAMILY = 1;
			};
			name = Debug;
		};
		3D8255112AE6A03E00D84FC7 /* Release */ = {
			isa = XCBuildConfiguration;
			buildSettings = {
				ASSETCATALOG_COMPILER_APPICON_NAME = AppIcon;
				ASSETCATALOG_COMPILER_GLOBAL_ACCENT_COLOR_NAME = AccentColor;
				CODE_SIGN_STYLE = Automatic;
				CURRENT_PROJECT_VERSION = 1;
				DEVELOPMENT_TEAM = 4PCW4NA85G;
				GENERATE_INFOPLIST_FILE = YES;
				INFOPLIST_FILE = UNSPApp/Info.plist;
				INFOPLIST_KEY_UIApplicationSupportsIndirectInputEvents = YES;
				INFOPLIST_KEY_UILaunchStoryboardName = LaunchScreen;
				INFOPLIST_KEY_UISupportedInterfaceOrientations = "UIInterfaceOrientationLandscapeLeft UIInterfaceOrientationLandscapeRight UIInterfaceOrientationPortrait";
				INFOPLIST_KEY_UISupportedInterfaceOrientations_iPad = "UIInterfaceOrientationLandscapeLeft UIInterfaceOrientationLandscapeRight";
				LD_RUNPATH_SEARCH_PATHS = (
					"$(inherited)",
					"@executable_path/Frameworks",
				);
				MARKETING_VERSION = 1.0;
				PRODUCT_BUNDLE_IDENTIFIER = com.steellson.unspapp.UNSPApp;
				PRODUCT_NAME = "$(TARGET_NAME)";
				SUPPORTED_PLATFORMS = "iphoneos iphonesimulator";
				SUPPORTS_MACCATALYST = NO;
				SUPPORTS_MAC_DESIGNED_FOR_IPHONE_IPAD = NO;
				SWIFT_EMIT_LOC_STRINGS = YES;
				SWIFT_VERSION = 5.0;
				TARGETED_DEVICE_FAMILY = 1;
			};
			name = Release;
		};
/* End XCBuildConfiguration section */

/* Begin XCConfigurationList section */
		3D8254F62AE6A03E00D84FC7 /* Build configuration list for PBXProject "UNSPApp" */ = {
			isa = XCConfigurationList;
			buildConfigurations = (
				3D82550D2AE6A03E00D84FC7 /* Debug */,
				3D82550E2AE6A03E00D84FC7 /* Release */,
			);
			defaultConfigurationIsVisible = 0;
			defaultConfigurationName = Release;
		};
		3D82550F2AE6A03E00D84FC7 /* Build configuration list for PBXNativeTarget "UNSPApp" */ = {
			isa = XCConfigurationList;
			buildConfigurations = (
				3D8255102AE6A03E00D84FC7 /* Debug */,
				3D8255112AE6A03E00D84FC7 /* Release */,
			);
			defaultConfigurationIsVisible = 0;
			defaultConfigurationName = Release;
		};
/* End XCConfigurationList section */

/* Begin XCRemoteSwiftPackageReference section */
		3D8255182AE6A9A200D84FC7 /* XCRemoteSwiftPackageReference "SnapKit" */ = {
			isa = XCRemoteSwiftPackageReference;
			repositoryURL = "https://github.com/SnapKit/SnapKit";
			requirement = {
				kind = upToNextMajorVersion;
				minimumVersion = 5.6.0;
			};
		};
/* End XCRemoteSwiftPackageReference section */

/* Begin XCSwiftPackageProductDependency section */
		3D8255192AE6A9A200D84FC7 /* SnapKit */ = {
			isa = XCSwiftPackageProductDependency;
			package = 3D8255182AE6A9A200D84FC7 /* XCRemoteSwiftPackageReference "SnapKit" */;
			productName = SnapKit;
		};
/* End XCSwiftPackageProductDependency section */
	};
	rootObject = 3D8254F32AE6A03E00D84FC7 /* Project object */;
}
